
Microsoft Visual Studio Solution File, Format Version 12.00
# Visual Studio Version 17
VisualStudioVersion = 17.7.34221.43
MinimumVisualStudioVersion = 10.0.40219.1
Project("{FAE04EC0-301F-11D3-BF4B-00C04F79EFBC}") = "EsercitazioneLinq4", "EsercitazioneLinq4\EsercitazioneLinq4.csproj", "{B045270F-EF68-4001-AE8B-D79B7EAEC1C3}"
EndProject
Global
	GlobalSection(SolutionConfigurationPlatforms) = preSolution
		Debug|Any CPU = Debug|Any CPU
		Release|Any CPU = Release|Any CPU
	EndGlobalSection
	GlobalSection(ProjectConfigurationPlatforms) = postSolution
		{B045270F-EF68-4001-AE8B-D79B7EAEC1C3}.Debug|Any CPU.ActiveCfg = Debug|Any CPU
		{B045270F-EF68-4001-AE8B-D79B7EAEC1C3}.Debug|Any CPU.Build.0 = Debug|Any CPU
		{B045270F-EF68-4001-AE8B-D79B7EAEC1C3}.Release|Any CPU.ActiveCfg = Release|Any CPU
		{B045270F-EF68-4001-AE8B-D79B7EAEC1C3}.Release|Any CPU.Build.0 = Release|Any CPU
	EndGlobalSection
	GlobalSection(SolutionProperties) = preSolution
		HideSolutionNode = FALSE
	EndGlobalSection
	GlobalSection(ExtensibilityGlobals) = postSolution
		SolutionGuid = {53D338C6-C667-4CEB-871D-2BC531257486}
	EndGlobalSection
EndGlobal
